// !$*UTF8*$!
{
	archiveVersion = 1;
	classes = {
	};
	objectVersion = 50;
	objects = {

/* Begin PBXBuildFile section */
		328EF78C21FE4F3F003BFB70 /* AppDelegate.swift in Sources */ = {isa = PBXBuildFile; fileRef = 328EF78B21FE4F3F003BFB70 /* AppDelegate.swift */; };
		328EF78E21FE4F3F003BFB70 /* ViewController.swift in Sources */ = {isa = PBXBuildFile; fileRef = 328EF78D21FE4F3F003BFB70 /* ViewController.swift */; };
		328EF79121FE4F3F003BFB70 /* Main.storyboard in Resources */ = {isa = PBXBuildFile; fileRef = 328EF78F21FE4F3F003BFB70 /* Main.storyboard */; };
		328EF79321FE4F41003BFB70 /* Assets.xcassets in Resources */ = {isa = PBXBuildFile; fileRef = 328EF79221FE4F41003BFB70 /* Assets.xcassets */; };
		328EF79621FE4F41003BFB70 /* LaunchScreen.storyboard in Resources */ = {isa = PBXBuildFile; fileRef = 328EF79421FE4F41003BFB70 /* LaunchScreen.storyboard */; };
		328EF7A121FE4F42003BFB70 /* Music_PlayerTests.swift in Sources */ = {isa = PBXBuildFile; fileRef = 328EF7A021FE4F42003BFB70 /* Music_PlayerTests.swift */; };
		328EF7AC21FE4F42003BFB70 /* Music_PlayerUITests.swift in Sources */ = {isa = PBXBuildFile; fileRef = 328EF7AB21FE4F42003BFB70 /* Music_PlayerUITests.swift */; };
/* End PBXBuildFile section */

/* Begin PBXContainerItemProxy section */
		328EF79D21FE4F42003BFB70 /* PBXContainerItemProxy */ = {
			isa = PBXContainerItemProxy;
			containerPortal = 328EF78021FE4F3F003BFB70 /* Project object */;
			proxyType = 1;
			remoteGlobalIDString = 328EF78721FE4F3F003BFB70;
			remoteInfo = "Music Player";
		};
		328EF7A821FE4F42003BFB70 /* PBXContainerItemProxy */ = {
			isa = PBXContainerItemProxy;
			containerPortal = 328EF78021FE4F3F003BFB70 /* Project object */;
			proxyType = 1;
			remoteGlobalIDString = 328EF78721FE4F3F003BFB70;
			remoteInfo = "Music Player";
		};
/* End PBXContainerItemProxy section */

/* Begin PBXFileReference section */
		328EF78821FE4F3F003BFB70 /* Music Player.app */ = {isa = PBXFileReference; explicitFileType = wrapper.application; includeInIndex = 0; path = "Music Player.app"; sourceTree = BUILT_PRODUCTS_DIR; };
		328EF78B21FE4F3F003BFB70 /* AppDelegate.swift */ = {isa = PBXFileReference; lastKnownFileType = sourcecode.swift; path = AppDelegate.swift; sourceTree = "<group>"; };
		328EF78D21FE4F3F003BFB70 /* ViewController.swift */ = {isa = PBXFileReference; lastKnownFileType = sourcecode.swift; path = ViewController.swift; sourceTree = "<group>"; };
		328EF79021FE4F3F003BFB70 /* Base */ = {isa = PBXFileReference; lastKnownFileType = file.storyboard; name = Base; path = Base.lproj/Main.storyboard; sourceTree = "<group>"; };
		328EF79221FE4F41003BFB70 /* Assets.xcassets */ = {isa = PBXFileReference; lastKnownFileType = folder.assetcatalog; path = Assets.xcassets; sourceTree = "<group>"; };
		328EF79521FE4F41003BFB70 /* Base */ = {isa = PBXFileReference; lastKnownFileType = file.storyboard; name = Base; path = Base.lproj/LaunchScreen.storyboard; sourceTree = "<group>"; };
		328EF79721FE4F41003BFB70 /* Info.plist */ = {isa = PBXFileReference; lastKnownFileType = text.plist.xml; path = Info.plist; sourceTree = "<group>"; };
		328EF79C21FE4F42003BFB70 /* Music PlayerTests.xctest */ = {isa = PBXFileReference; explicitFileType = wrapper.cfbundle; includeInIndex = 0; path = "Music PlayerTests.xctest"; sourceTree = BUILT_PRODUCTS_DIR; };
		328EF7A021FE4F42003BFB70 /* Music_PlayerTests.swift */ = {isa = PBXFileReference; lastKnownFileType = sourcecode.swift; path = Music_PlayerTests.swift; sourceTree = "<group>"; };
		328EF7A221FE4F42003BFB70 /* Info.plist */ = {isa = PBXFileReference; lastKnownFileType = text.plist.xml; path = Info.plist; sourceTree = "<group>"; };
		328EF7A721FE4F42003BFB70 /* Music PlayerUITests.xctest */ = {isa = PBXFileReference; explicitFileType = wrapper.cfbundle; includeInIndex = 0; path = "Music PlayerUITests.xctest"; sourceTree = BUILT_PRODUCTS_DIR; };
		328EF7AB21FE4F42003BFB70 /* Music_PlayerUITests.swift */ = {isa = PBXFileReference; lastKnownFileType = sourcecode.swift; path = Music_PlayerUITests.swift; sourceTree = "<group>"; };
		328EF7AD21FE4F42003BFB70 /* Info.plist */ = {isa = PBXFileReference; lastKnownFileType = text.plist.xml; path = Info.plist; sourceTree = "<group>"; };
/* End PBXFileReference section */

/* Begin PBXFrameworksBuildPhase section */
		328EF78521FE4F3F003BFB70 /* Frameworks */ = {
			isa = PBXFrameworksBuildPhase;
			buildActionMask = 2147483647;
			files = (
			);
			runOnlyForDeploymentPostprocessing = 0;
		};
		328EF79921FE4F42003BFB70 /* Frameworks */ = {
			isa = PBXFrameworksBuildPhase;
			buildActionMask = 2147483647;
			files = (
			);
			runOnlyForDeploymentPostprocessing = 0;
		};
		328EF7A421FE4F42003BFB70 /* Frameworks */ = {
			isa = PBXFrameworksBuildPhase;
			buildActionMask = 2147483647;
			files = (
			);
			runOnlyForDeploymentPostprocessing = 0;
		};
/* End PBXFrameworksBuildPhase section */

/* Begin PBXGroup section */
		328EF77F21FE4F3F003BFB70 = {
			isa = PBXGroup;
			children = (
				328EF78A21FE4F3F003BFB70 /* Music Player */,
				328EF79F21FE4F42003BFB70 /* Music PlayerTests */,
				328EF7AA21FE4F42003BFB70 /* Music PlayerUITests */,
				328EF78921FE4F3F003BFB70 /* Products */,
			);
			sourceTree = "<group>";
		};
		328EF78921FE4F3F003BFB70 /* Products */ = {
			isa = PBXGroup;
			children = (
				328EF78821FE4F3F003BFB70 /* Music Player.app */,
				328EF79C21FE4F42003BFB70 /* Music PlayerTests.xctest */,
				328EF7A721FE4F42003BFB70 /* Music PlayerUITests.xctest */,
			);
			name = Products;
			sourceTree = "<group>";
		};
		328EF78A21FE4F3F003BFB70 /* Music Player */ = {
			isa = PBXGroup;
			children = (
				328EF78B21FE4F3F003BFB70 /* AppDelegate.swift */,
				328EF78D21FE4F3F003BFB70 /* ViewController.swift */,
				328EF78F21FE4F3F003BFB70 /* Main.storyboard */,
				328EF79221FE4F41003BFB70 /* Assets.xcassets */,
				328EF79421FE4F41003BFB70 /* LaunchScreen.storyboard */,
				328EF79721FE4F41003BFB70 /* Info.plist */,
			);
			path = "Music Player";
			sourceTree = "<group>";
		};
		328EF79F21FE4F42003BFB70 /* Music PlayerTests */ = {
			isa = PBXGroup;
			children = (
				328EF7A021FE4F42003BFB70 /* Music_PlayerTests.swift */,
				328EF7A221FE4F42003BFB70 /* Info.plist */,
			);
			path = "Music PlayerTests";
			sourceTree = "<group>";
		};
		328EF7AA21FE4F42003BFB70 /* Music PlayerUITests */ = {
			isa = PBXGroup;
			children = (
				328EF7AB21FE4F42003BFB70 /* Music_PlayerUITests.swift */,
				328EF7AD21FE4F42003BFB70 /* Info.plist */,
			);
			path = "Music PlayerUITests";
			sourceTree = "<group>";
		};
/* End PBXGroup section */

/* Begin PBXNativeTarget section */
		328EF78721FE4F3F003BFB70 /* Music Player */ = {
			isa = PBXNativeTarget;
			buildConfigurationList = 328EF7B021FE4F42003BFB70 /* Build configuration list for PBXNativeTarget "Music Player" */;
			buildPhases = (
				328EF78421FE4F3F003BFB70 /* Sources */,
				328EF78521FE4F3F003BFB70 /* Frameworks */,
				328EF78621FE4F3F003BFB70 /* Resources */,
			);
			buildRules = (
			);
			dependencies = (
			);
			name = "Music Player";
			productName = "Music Player";
			productReference = 328EF78821FE4F3F003BFB70 /* Music Player.app */;
			productType = "com.apple.product-type.application";
		};
		328EF79B21FE4F42003BFB70 /* Music PlayerTests */ = {
			isa = PBXNativeTarget;
			buildConfigurationList = 328EF7B321FE4F42003BFB70 /* Build configuration list for PBXNativeTarget "Music PlayerTests" */;
			buildPhases = (
				328EF79821FE4F42003BFB70 /* Sources */,
				328EF79921FE4F42003BFB70 /* Frameworks */,
				328EF79A21FE4F42003BFB70 /* Resources */,
			);
			buildRules = (
			);
			dependencies = (
				328EF79E21FE4F42003BFB70 /* PBXTargetDependency */,
			);
			name = "Music PlayerTests";
			productName = "Music PlayerTests";
			productReference = 328EF79C21FE4F42003BFB70 /* Music PlayerTests.xctest */;
			productType = "com.apple.product-type.bundle.unit-test";
		};
		328EF7A621FE4F42003BFB70 /* Music PlayerUITests */ = {
			isa = PBXNativeTarget;
			buildConfigurationList = 328EF7B621FE4F42003BFB70 /* Build configuration list for PBXNativeTarget "Music PlayerUITests" */;
			buildPhases = (
				328EF7A321FE4F42003BFB70 /* Sources */,
				328EF7A421FE4F42003BFB70 /* Frameworks */,
				328EF7A521FE4F42003BFB70 /* Resources */,
			);
			buildRules = (
			);
			dependencies = (
				328EF7A921FE4F42003BFB70 /* PBXTargetDependency */,
			);
			name = "Music PlayerUITests";
			productName = "Music PlayerUITests";
			productReference = 328EF7A721FE4F42003BFB70 /* Music PlayerUITests.xctest */;
			productType = "com.apple.product-type.bundle.ui-testing";
		};
/* End PBXNativeTarget section */

/* Begin PBXProject section */
		328EF78021FE4F3F003BFB70 /* Project object */ = {
			isa = PBXProject;
			attributes = {
				LastSwiftUpdateCheck = 1010;
				LastUpgradeCheck = 1010;
				ORGANIZATIONNAME = "Faical sawadogo";
				TargetAttributes = {
					328EF78721FE4F3F003BFB70 = {
						CreatedOnToolsVersion = 10.1;
					};
					328EF79B21FE4F42003BFB70 = {
						CreatedOnToolsVersion = 10.1;
						TestTargetID = 328EF78721FE4F3F003BFB70;
					};
					328EF7A621FE4F42003BFB70 = {
						CreatedOnToolsVersion = 10.1;
						TestTargetID = 328EF78721FE4F3F003BFB70;
					};
				};
			};
			buildConfigurationList = 328EF78321FE4F3F003BFB70 /* Build configuration list for PBXProject "Music Player" */;
			compatibilityVersion = "Xcode 9.3";
			developmentRegion = en;
			hasScannedForEncodings = 0;
			knownRegions = (
				en,
				Base,
			);
			mainGroup = 328EF77F21FE4F3F003BFB70;
			productRefGroup = 328EF78921FE4F3F003BFB70 /* Products */;
			projectDirPath = "";
			projectRoot = "";
			targets = (
				328EF78721FE4F3F003BFB70 /* Music Player */,
				328EF79B21FE4F42003BFB70 /* Music PlayerTests */,
				328EF7A621FE4F42003BFB70 /* Music PlayerUITests */,
			);
		};
/* End PBXProject section */

/* Begin PBXResourcesBuildPhase section */
		328EF78621FE4F3F003BFB70 /* Resources */ = {
			isa = PBXResourcesBuildPhase;
			buildActionMask = 2147483647;
			files = (
				328EF79621FE4F41003BFB70 /* LaunchScreen.storyboard in Resources */,
				328EF79321FE4F41003BFB70 /* Assets.xcassets in Resources */,
				328EF79121FE4F3F003BFB70 /* Main.storyboard in Resources */,
			);
			runOnlyForDeploymentPostprocessing = 0;
		};
		328EF79A21FE4F42003BFB70 /* Resources */ = {
			isa = PBXResourcesBuildPhase;
			buildActionMask = 2147483647;
			files = (
			);
			runOnlyForDeploymentPostprocessing = 0;
		};
		328EF7A521FE4F42003BFB70 /* Resources */ = {
			isa = PBXResourcesBuildPhase;
			buildActionMask = 2147483647;
			files = (
			);
			runOnlyForDeploymentPostprocessing = 0;
		};
/* End PBXResourcesBuildPhase section */

/* Begin PBXSourcesBuildPhase section */
		328EF78421FE4F3F003BFB70 /* Sources */ = {
			isa = PBXSourcesBuildPhase;
			buildActionMask = 2147483647;
			files = (
				328EF78E21FE4F3F003BFB70 /* ViewController.swift in Sources */,
				328EF78C21FE4F3F003BFB70 /* AppDelegate.swift in Sources */,
			);
			runOnlyForDeploymentPostprocessing = 0;
		};
		328EF79821FE4F42003BFB70 /* Sources */ = {
			isa = PBXSourcesBuildPhase;
			buildActionMask = 2147483647;
			files = (
				328EF7A121FE4F42003BFB70 /* Music_PlayerTests.swift in Sources */,
			);
			runOnlyForDeploymentPostprocessing = 0;
		};
		328EF7A321FE4F42003BFB70 /* Sources */ = {
			isa = PBXSourcesBuildPhase;
			buildActionMask = 2147483647;
			files = (
				328EF7AC21FE4F42003BFB70 /* Music_PlayerUITests.swift in Sources */,
			);
			runOnlyForDeploymentPostprocessing = 0;
		};
/* End PBXSourcesBuildPhase section */

/* Begin PBXTargetDependency section */
		328EF79E21FE4F42003BFB70 /* PBXTargetDependency */ = {
			isa = PBXTargetDependency;
			target = 328EF78721FE4F3F003BFB70 /* Music Player */;
			targetProxy = 328EF79D21FE4F42003BFB70 /* PBXContainerItemProxy */;
		};
		328EF7A921FE4F42003BFB70 /* PBXTargetDependency */ = {
			isa = PBXTargetDependency;
			target = 328EF78721FE4F3F003BFB70 /* Music Player */;
			targetProxy = 328EF7A821FE4F42003BFB70 /* PBXContainerItemProxy */;
		};
/* End PBXTargetDependency section */

/* Begin PBXVariantGroup section */
		328EF78F21FE4F3F003BFB70 /* Main.storyboard */ = {
			isa = PBXVariantGroup;
			children = (
				328EF79021FE4F3F003BFB70 /* Base */,
			);
			name = Main.storyboard;
			sourceTree = "<group>";
		};
		328EF79421FE4F41003BFB70 /* LaunchScreen.storyboard */ = {
			isa = PBXVariantGroup;
			children = (
				328EF79521FE4F41003BFB70 /* Base */,
			);
			name = LaunchScreen.storyboard;
			sourceTree = "<group>";
		};
/* End PBXVariantGroup section */

/* Begin XCBuildConfiguration section */
		328EF7AE21FE4F42003BFB70 /* Debug */ = {
			isa = XCBuildConfiguration;
			buildSettings = {
				ALWAYS_SEARCH_USER_PATHS = NO;
				CLANG_ANALYZER_NONNULL = YES;
				CLANG_ANALYZER_NUMBER_OBJECT_CONVERSION = YES_AGGRESSIVE;
				CLANG_CXX_LANGUAGE_STANDARD = "gnu++14";
				CLANG_CXX_LIBRARY = "libc++";
				CLANG_ENABLE_MODULES = YES;
				CLANG_ENABLE_OBJC_ARC = YES;
				CLANG_ENABLE_OBJC_WEAK = YES;
				CLANG_WARN_BLOCK_CAPTURE_AUTORELEASING = YES;
				CLANG_WARN_BOOL_CONVERSION = YES;
				CLANG_WARN_COMMA = YES;
				CLANG_WARN_CONSTANT_CONVERSION = YES;
				CLANG_WARN_DEPRECATED_OBJC_IMPLEMENTATIONS = YES;
				CLANG_WARN_DIRECT_OBJC_ISA_USAGE = YES_ERROR;
				CLANG_WARN_DOCUMENTATION_COMMENTS = YES;
				CLANG_WARN_EMPTY_BODY = YES;
				CLANG_WARN_ENUM_CONVERSION = YES;
				CLANG_WARN_INFINITE_RECURSION = YES;
				CLANG_WARN_INT_CONVERSION = YES;
				CLANG_WARN_NON_LITERAL_NULL_CONVERSION = YES;
				CLANG_WARN_OBJC_IMPLICIT_RETAIN_SELF = YES;
				CLANG_WARN_OBJC_LITERAL_CONVERSION = YES;
				CLANG_WARN_OBJC_ROOT_CLASS = YES_ERROR;
				CLANG_WARN_RANGE_LOOP_ANALYSIS = YES;
				CLANG_WARN_STRICT_PROTOTYPES = YES;
				CLANG_WARN_SUSPICIOUS_MOVE = YES;
				CLANG_WARN_UNGUARDED_AVAILABILITY = YES_AGGRESSIVE;
				CLANG_WARN_UNREACHABLE_CODE = YES;
				CLANG_WARN__DUPLICATE_METHOD_MATCH = YES;
				CODE_SIGN_IDENTITY = "iPhone Developer";
				COPY_PHASE_STRIP = NO;
				DEBUG_INFORMATION_FORMAT = dwarf;
				ENABLE_STRICT_OBJC_MSGSEND = YES;
				ENABLE_TESTABILITY = YES;
				GCC_C_LANGUAGE_STANDARD = gnu11;
				GCC_DYNAMIC_NO_PIC = NO;
				GCC_NO_COMMON_BLOCKS = YES;
				GCC_OPTIMIZATION_LEVEL = 0;
				GCC_PREPROCESSOR_DEFINITIONS = (
					"DEBUG=1",
					"$(inherited)",
				);
				GCC_WARN_64_TO_32_BIT_CONVERSION = YES;
				GCC_WARN_ABOUT_RETURN_TYPE = YES_ERROR;
				GCC_WARN_UNDECLARED_SELECTOR = YES;
				GCC_WARN_UNINITIALIZED_AUTOS = YES_AGGRESSIVE;
				GCC_WARN_UNUSED_FUNCTION = YES;
				GCC_WARN_UNUSED_VARIABLE = YES;
				IPHONEOS_DEPLOYMENT_TARGET = 12.1;
				MTL_ENABLE_DEBUG_INFO = INCLUDE_SOURCE;
				MTL_FAST_MATH = YES;
				ONLY_ACTIVE_ARCH = YES;
				SDKROOT = iphoneos;
				SWIFT_ACTIVE_COMPILATION_CONDITIONS = DEBUG;
				SWIFT_OPTIMIZATION_LEVEL = "-Onone";
			};
			name = Debug;
		};
		328EF7AF21FE4F42003BFB70 /* Release */ = {
			isa = XCBuildConfiguration;
			buildSettings = {
				ALWAYS_SEARCH_USER_PATHS = NO;
				CLANG_ANALYZER_NONNULL = YES;
				CLANG_ANALYZER_NUMBER_OBJECT_CONVERSION = YES_AGGRESSIVE;
				CLANG_CXX_LANGUAGE_STANDARD = "gnu++14";
				CLANG_CXX_LIBRARY = "libc++";
				CLANG_ENABLE_MODULES = YES;
				CLANG_ENABLE_OBJC_ARC = YES;
				CLANG_ENABLE_OBJC_WEAK = YES;
				CLANG_WARN_BLOCK_CAPTURE_AUTORELEASING = YES;
				CLANG_WARN_BOOL_CONVERSION = YES;
				CLANG_WARN_COMMA = YES;
				CLANG_WARN_CONSTANT_CONVERSION = YES;
				CLANG_WARN_DEPRECATED_OBJC_IMPLEMENTATIONS = YES;
				CLANG_WARN_DIRECT_OBJC_ISA_USAGE = YES_ERROR;
				CLANG_WARN_DOCUMENTATION_COMMENTS = YES;
				CLANG_WARN_EMPTY_BODY = YES;
				CLANG_WARN_ENUM_CONVERSION = YES;
				CLANG_WARN_INFINITE_RECURSION = YES;
				CLANG_WARN_INT_CONVERSION = YES;
				CLANG_WARN_NON_LITERAL_NULL_CONVERSION = YES;
				CLANG_WARN_OBJC_IMPLICIT_RETAIN_SELF = YES;
				CLANG_WARN_OBJC_LITERAL_CONVERSION = YES;
				CLANG_WARN_OBJC_ROOT_CLASS = YES_ERROR;
				CLANG_WARN_RANGE_LOOP_ANALYSIS = YES;
				CLANG_WARN_STRICT_PROTOTYPES = YES;
				CLANG_WARN_SUSPICIOUS_MOVE = YES;
				CLANG_WARN_UNGUARDED_AVAILABILITY = YES_AGGRESSIVE;
				CLANG_WARN_UNREACHABLE_CODE = YES;
				CLANG_WARN__DUPLICATE_METHOD_MATCH = YES;
				CODE_SIGN_IDENTITY = "iPhone Developer";
				COPY_PHASE_STRIP = NO;
				DEBUG_INFORMATION_FORMAT = "dwarf-with-dsym";
				ENABLE_NS_ASSERTIONS = NO;
				ENABLE_STRICT_OBJC_MSGSEND = YES;
				GCC_C_LANGUAGE_STANDARD = gnu11;
				GCC_NO_COMMON_BLOCKS = YES;
				GCC_WARN_64_TO_32_BIT_CONVERSION = YES;
				GCC_WARN_ABOUT_RETURN_TYPE = YES_ERROR;
				GCC_WARN_UNDECLARED_SELECTOR = YES;
				GCC_WARN_UNINITIALIZED_AUTOS = YES_AGGRESSIVE;
				GCC_WARN_UNUSED_FUNCTION = YES;
				GCC_WARN_UNUSED_VARIABLE = YES;
				IPHONEOS_DEPLOYMENT_TARGET = 12.1;
				MTL_ENABLE_DEBUG_INFO = NO;
				MTL_FAST_MATH = YES;
				SDKROOT = iphoneos;
				SWIFT_COMPILATION_MODE = wholemodule;
				SWIFT_OPTIMIZATION_LEVEL = "-O";
				VALIDATE_PRODUCT = YES;
			};
			name = Release;
		};
		328EF7B121FE4F42003BFB70 /* Debug */ = {
			isa = XCBuildConfiguration;
			buildSettings = {
				ASSETCATALOG_COMPILER_APPICON_NAME = AppIcon;
				CODE_SIGN_STYLE = Automatic;
				INFOPLIST_FILE = "Music Player/Info.plist";
				LD_RUNPATH_SEARCH_PATHS = (
					"$(inherited)",
					"@executable_path/Frameworks",
				);
				PRODUCT_BUNDLE_IDENTIFIER = "edu.cuny.bmcc.Music-Player";
				PRODUCT_NAME = "$(TARGET_NAME)";
				SWIFT_VERSION = 4.2;
				TARGETED_DEVICE_FAMILY = "1,2";
			};
			name = Debug;
		};
		328EF7B221FE4F42003BFB70 /* Release */ = {
			isa = XCBuildConfiguration;
			buildSettings = {
				ASSETCATALOG_COMPILER_APPICON_NAME = AppIcon;
				CODE_SIGN_STYLE = Automatic;
				INFOPLIST_FILE = "Music Player/Info.plist";
				LD_RUNPATH_SEARCH_PATHS = (
					"$(inherited)",
					"@executable_path/Frameworks",
				);
				PRODUCT_BUNDLE_IDENTIFIER = "edu.cuny.bmcc.Music-Player";
				PRODUCT_NAME = "$(TARGET_NAME)";
				SWIFT_VERSION = 4.2;
				TARGETED_DEVICE_FAMILY = "1,2";
			};
			name = Release;
		};
		328EF7B421FE4F42003BFB70 /* Debug */ = {
			isa = XCBuildConfiguration;
			buildSettings = {
				ALWAYS_EMBED_SWIFT_STANDARD_LIBRARIES = YES;
				BUNDLE_LOADER = "$(TEST_HOST)";
				CODE_SIGN_STYLE = Automatic;
				INFOPLIST_FILE = "Music PlayerTests/Info.plist";
				LD_RUNPATH_SEARCH_PATHS = (
					"$(inherited)",
					"@executable_path/Frameworks",
					"@loader_path/Frameworks",
				);
				PRODUCT_BUNDLE_IDENTIFIER = "edu.cuny.bmcc.Music-PlayerTests";
				PRODUCT_NAME = "$(TARGET_NAME)";
				SWIFT_VERSION = 4.2;
				TARGETED_DEVICE_FAMILY = "1,2";
				TEST_HOST = "$(BUILT_PRODUCTS_DIR)/Music Player.app/Music Player";
			};
			name = Debug;
		};
		328EF7B521FE4F42003BFB70 /* Release */ = {
			isa = XCBuildConfiguration;
			buildSettings = {
				ALWAYS_EMBED_SWIFT_STANDARD_LIBRARIES = YES;
				BUNDLE_LOADER = "$(TEST_HOST)";
				CODE_SIGN_STYLE = Automatic;
				INFOPLIST_FILE = "Music PlayerTests/Info.plist";
				LD_RUNPATH_SEARCH_PATHS = (
					"$(inherited)",
					"@executable_path/Frameworks",
					"@loader_path/Frameworks",
				);
				PRODUCT_BUNDLE_IDENTIFIER = "edu.cuny.bmcc.Music-PlayerTests";
				PRODUCT_NAME = "$(TARGET_NAME)";
				SWIFT_VERSION = 4.2;
				TARGETED_DEVICE_FAMILY = "1,2";
				TEST_HOST = "$(BUILT_PRODUCTS_DIR)/Music Player.app/Music Player";
			};
			name = Release;
		};
		328EF7B721FE4F42003BFB70 /* Debug */ = {
			isa = XCBuildConfiguration;
			buildSettings = {
				ALWAYS_EMBED_SWIFT_STANDARD_LIBRARIES = YES;
				CODE_SIGN_STYLE = Automatic;
				INFOPLIST_FILE = "Music PlayerUITests/Info.plist";
				LD_RUNPATH_SEARCH_PATHS = (
					"$(inherited)",
					"@executable_path/Frameworks",
					"@loader_path/Frameworks",
				);
				PRODUCT_BUNDLE_IDENTIFIER = "edu.cuny.bmcc.Music-PlayerUITests";
				PRODUCT_NAME = "$(TARGET_NAME)";
				SWIFT_VERSION = 4.2;
				TARGETED_DEVICE_FAMILY = "1,2";
				TEST_TARGET_NAME = "Music Player";
			};
			name = Debug;
		};
		328EF7B821FE4F42003BFB70 /* Release */ = {
			isa = XCBuildConfiguration;
			buildSettings = {
				ALWAYS_EMBED_SWIFT_STANDARD_LIBRARIES = YES;
				CODE_SIGN_STYLE = Automatic;
				INFOPLIST_FILE = "Music PlayerUITests/Info.plist";
				LD_RUNPATH_SEARCH_PATHS = (
					"$(inherited)",
					"@executable_path/Frameworks",
					"@loader_path/Frameworks",
				);
				PRODUCT_BUNDLE_IDENTIFIER = "edu.cuny.bmcc.Music-PlayerUITests";
				PRODUCT_NAME = "$(TARGET_NAME)";
				SWIFT_VERSION = 4.2;
				TARGETED_DEVICE_FAMILY = "1,2";
				TEST_TARGET_NAME = "Music Player";
			};
			name = Release;
		};
/* End XCBuildConfiguration section */

/* Begin XCConfigurationList section */
		328EF78321FE4F3F003BFB70 /* Build configuration list for PBXProject "Music Player" */ = {
			isa = XCConfigurationList;
			buildConfigurations = (
				328EF7AE21FE4F42003BFB70 /* Debug */,
				328EF7AF21FE4F42003BFB70 /* Release */,
			);
			defaultConfigurationIsVisible = 0;
			defaultConfigurationName = Release;
		};
		328EF7B021FE4F42003BFB70 /* Build configuration list for PBXNativeTarget "Music Player" */ = {
			isa = XCConfigurationList;
			buildConfigurations = (
				328EF7B121FE4F42003BFB70 /* Debug */,
				328EF7B221FE4F42003BFB70 /* Release */,
			);
			defaultConfigurationIsVisible = 0;
			defaultConfigurationName = Release;
		};
		328EF7B321FE4F42003BFB70 /* Build configuration list for PBXNativeTarget "Music PlayerTests" */ = {
			isa = XCConfigurationList;
			buildConfigurations = (
				328EF7B421FE4F42003BFB70 /* Debug */,
				328EF7B521FE4F42003BFB70 /* Release */,
			);
			defaultConfigurationIsVisible = 0;
			defaultConfigurationName = Release;
		};
		328EF7B621FE4F42003BFB70 /* Build configuration list for PBXNativeTarget "Music PlayerUITests" */ = {
			isa = XCConfigurationList;
			buildConfigurations = (
				328EF7B721FE4F42003BFB70 /* Debug */,
				328EF7B821FE4F42003BFB70 /* Release */,
			);
			defaultConfigurationIsVisible = 0;
			defaultConfigurationName = Release;
		};
/* End XCConfigurationList section */
	};
	rootObject = 328EF78021FE4F3F003BFB70 /* Project object */;
}
